
Microsoft Visual Studio Solution File, Format Version 12.00
# Visual Studio 2013
VisualStudioVersion = 12.0.31101.0
MinimumVisualStudioVersion = 10.0.40219.1
Project("{2150E333-8FDC-42A3-9474-1A3956D46DE8}") = "Domain", "Domain", "{3A268094-56C5-4C83-9B0B-EEE356F12EAF}"
EndProject
Project("{2150E333-8FDC-42A3-9474-1A3956D46DE8}") = "Business", "Business", "{4CEE645E-8A2D-431C-836E-6C23E414EB12}"
EndProject
Project("{2150E333-8FDC-42A3-9474-1A3956D46DE8}") = "DataAccess", "DataAccess", "{76880925-B602-4A56-9604-A41D6D8D0B8D}"
EndProject
Project("{2150E333-8FDC-42A3-9474-1A3956D46DE8}") = "Presentation", "Presentation", "{578759D1-D05C-4F50-8E92-D1B041DE6B8A}"
EndProject
Project("{FAE04EC0-301F-11D3-BF4B-00C04F79EFBC}") = "TryCatch.WebShopCase.WebApi", "TryCatch.WebShopCase.WebApi\TryCatch.WebShopCase.WebApi.csproj", "{C2D5D560-E498-46A5-B128-DAF9D9783351}"
EndProject
Project("{FAE04EC0-301F-11D3-BF4B-00C04F79EFBC}") = "TryCatch.WebShopCase.Services", "TryCatch.WebShopCase.Services\TryCatch.WebShopCase.Services.csproj", "{5CED2FA7-7354-4E53-A00D-1063A24BB1C3}"
EndProject
Project("{FAE04EC0-301F-11D3-BF4B-00C04F79EFBC}") = "TryCatch.WebShopCase.DataAccess.Infraestructure", "TryCatch.WebShopCase.Infraestructure\TryCatch.WebShopCase.DataAccess.Infraestructure.csproj", "{BB9E750B-F885-4ACC-A0B9-7E08B0496FE5}"
EndProject
Project("{FAE04EC0-301F-11D3-BF4B-00C04F79EFBC}") = "TryCatch.WebShopCase.DataAccess.NHibernate", "TryCatch.WebShopCase.DataAccess.NHibernate\TryCatch.WebShopCase.DataAccess.NHibernate.csproj", "{769E51F7-62C2-479B-9685-0F543DF60B9E}"
EndProject
Project("{FAE04EC0-301F-11D3-BF4B-00C04F79EFBC}") = "TryCatch.WebShopCase.DataAccess.Xml", "TryCatch.WebShopCase.DataAccess.Xml\TryCatch.WebShopCase.DataAccess.Xml.csproj", "{F141FD81-1DF9-4F40-9867-ACA8E642C599}"
EndProject
Project("{FAE04EC0-301F-11D3-BF4B-00C04F79EFBC}") = "TryCatch.WebShopCase.Domain", "TryCatch.WebShopCase.Domain\TryCatch.WebShopCase.Domain.csproj", "{15282216-3DB0-410C-808D-0737D6E430CF}"
EndProject
Project("{2150E333-8FDC-42A3-9474-1A3956D46DE8}") = "Common", "Common", "{5B80882D-8CEE-4E5C-8812-18727AE8D433}"
EndProject
Project("{FAE04EC0-301F-11D3-BF4B-00C04F79EFBC}") = "TryCatch.WebShopCase.Common", "TryCatch.WebShopCase.Common\TryCatch.WebShopCase.Common.csproj", "{A2304292-CBC7-40D5-8E2B-BDDD71858028}"
EndProject
Project("{FAE04EC0-301F-11D3-BF4B-00C04F79EFBC}") = "TryCatch.WebShopCase.WebSite", "TryCatch.WebShopCase.WebSite\TryCatch.WebShopCase.WebSite.csproj", "{D4CF0A57-4B18-470E-980D-863ED705C9BA}"
EndProject
Global
	GlobalSection(SolutionConfigurationPlatforms) = preSolution
		Debug|Any CPU = Debug|Any CPU
		Release|Any CPU = Release|Any CPU
	EndGlobalSection
	GlobalSection(ProjectConfigurationPlatforms) = postSolution
		{C2D5D560-E498-46A5-B128-DAF9D9783351}.Debug|Any CPU.ActiveCfg = Debug|Any CPU
		{C2D5D560-E498-46A5-B128-DAF9D9783351}.Debug|Any CPU.Build.0 = Debug|Any CPU
		{C2D5D560-E498-46A5-B128-DAF9D9783351}.Release|Any CPU.ActiveCfg = Release|Any CPU
		{C2D5D560-E498-46A5-B128-DAF9D9783351}.Release|Any CPU.Build.0 = Release|Any CPU
		{5CED2FA7-7354-4E53-A00D-1063A24BB1C3}.Debug|Any CPU.ActiveCfg = Debug|Any CPU
		{5CED2FA7-7354-4E53-A00D-1063A24BB1C3}.Debug|Any CPU.Build.0 = Debug|Any CPU
		{5CED2FA7-7354-4E53-A00D-1063A24BB1C3}.Release|Any CPU.ActiveCfg = Release|Any CPU
		{5CED2FA7-7354-4E53-A00D-1063A24BB1C3}.Release|Any CPU.Build.0 = Release|Any CPU
		{BB9E750B-F885-4ACC-A0B9-7E08B0496FE5}.Debug|Any CPU.ActiveCfg = Debug|Any CPU
		{BB9E750B-F885-4ACC-A0B9-7E08B0496FE5}.Debug|Any CPU.Build.0 = Debug|Any CPU
		{BB9E750B-F885-4ACC-A0B9-7E08B0496FE5}.Release|Any CPU.ActiveCfg = Release|Any CPU
		{BB9E750B-F885-4ACC-A0B9-7E08B0496FE5}.Release|Any CPU.Build.0 = Release|Any CPU
		{769E51F7-62C2-479B-9685-0F543DF60B9E}.Debug|Any CPU.ActiveCfg = Debug|Any CPU
		{769E51F7-62C2-479B-9685-0F543DF60B9E}.Debug|Any CPU.Build.0 = Debug|Any CPU
		{769E51F7-62C2-479B-9685-0F543DF60B9E}.Release|Any CPU.ActiveCfg = Release|Any CPU
		{769E51F7-62C2-479B-9685-0F543DF60B9E}.Release|Any CPU.Build.0 = Release|Any CPU
		{F141FD81-1DF9-4F40-9867-ACA8E642C599}.Debug|Any CPU.ActiveCfg = Debug|Any CPU
		{F141FD81-1DF9-4F40-9867-ACA8E642C599}.Debug|Any CPU.Build.0 = Debug|Any CPU
		{F141FD81-1DF9-4F40-9867-ACA8E642C599}.Release|Any CPU.ActiveCfg = Release|Any CPU
		{F141FD81-1DF9-4F40-9867-ACA8E642C599}.Release|Any CPU.Build.0 = Release|Any CPU
		{15282216-3DB0-410C-808D-0737D6E430CF}.Debug|Any CPU.ActiveCfg = Debug|Any CPU
		{15282216-3DB0-410C-808D-0737D6E430CF}.Debug|Any CPU.Build.0 = Debug|Any CPU
		{15282216-3DB0-410C-808D-0737D6E430CF}.Release|Any CPU.ActiveCfg = Release|Any CPU
		{15282216-3DB0-410C-808D-0737D6E430CF}.Release|Any CPU.Build.0 = Release|Any CPU
		{A2304292-CBC7-40D5-8E2B-BDDD71858028}.Debug|Any CPU.ActiveCfg = Debug|Any CPU
		{A2304292-CBC7-40D5-8E2B-BDDD71858028}.Debug|Any CPU.Build.0 = Debug|Any CPU
		{A2304292-CBC7-40D5-8E2B-BDDD71858028}.Release|Any CPU.ActiveCfg = Release|Any CPU
		{A2304292-CBC7-40D5-8E2B-BDDD71858028}.Release|Any CPU.Build.0 = Release|Any CPU
		{D4CF0A57-4B18-470E-980D-863ED705C9BA}.Debug|Any CPU.ActiveCfg = Debug|Any CPU
		{D4CF0A57-4B18-470E-980D-863ED705C9BA}.Debug|Any CPU.Build.0 = Debug|Any CPU
		{D4CF0A57-4B18-470E-980D-863ED705C9BA}.Release|Any CPU.ActiveCfg = Release|Any CPU
		{D4CF0A57-4B18-470E-980D-863ED705C9BA}.Release|Any CPU.Build.0 = Release|Any CPU
	EndGlobalSection
	GlobalSection(SolutionProperties) = preSolution
		HideSolutionNode = FALSE
	EndGlobalSection
	GlobalSection(NestedProjects) = preSolution
		{C2D5D560-E498-46A5-B128-DAF9D9783351} = {4CEE645E-8A2D-431C-836E-6C23E414EB12}
		{5CED2FA7-7354-4E53-A00D-1063A24BB1C3} = {4CEE645E-8A2D-431C-836E-6C23E414EB12}
		{BB9E750B-F885-4ACC-A0B9-7E08B0496FE5} = {76880925-B602-4A56-9604-A41D6D8D0B8D}
		{769E51F7-62C2-479B-9685-0F543DF60B9E} = {76880925-B602-4A56-9604-A41D6D8D0B8D}
		{F141FD81-1DF9-4F40-9867-ACA8E642C599} = {76880925-B602-4A56-9604-A41D6D8D0B8D}
		{15282216-3DB0-410C-808D-0737D6E430CF} = {3A268094-56C5-4C83-9B0B-EEE356F12EAF}
		{A2304292-CBC7-40D5-8E2B-BDDD71858028} = {5B80882D-8CEE-4E5C-8812-18727AE8D433}
		{D4CF0A57-4B18-470E-980D-863ED705C9BA} = {578759D1-D05C-4F50-8E92-D1B041DE6B8A}
	EndGlobalSection
EndGlobal
